{
  "name": "coui-multi-list",
  "version": "1.0.0",
  "lockfileVersion": 1,
  "requires": true,
  "dependencies": {
    "corlib": {
      "version": "1.2.7",
      "resolved": "https://registry.npmjs.org/corlib/-/corlib-1.2.7.tgz",
      "integrity": "sha512-arYzLSgKJJEkY56TyLDR6WglcRt+IDIt2zeoffqHt1vjS14xpE1qxRlAk5ksQ0beUqYeYziDdM0BhghRt8iwfQ=="
    },
    "vuex": {
      "version": "3.0.1",
      "resolved": "https://registry.npmjs.org/vuex/-/vuex-3.0.1.tgz",
      "integrity": "sha512-wLoqz0B7DSZtgbWL1ShIBBCjv22GV5U+vcBFox658g6V0s4wZV9P4YjCNyoHSyIBpj1f29JBoNQIqD82cR4O3w=="
    }
  }
}
